
Microsoft Visual Studio Solution File, Format Version 12.00
# Visual Studio 15
VisualStudioVersion = 15.0.26403.7
MinimumVisualStudioVersion = 10.0.40219.1
Project("{FAE04EC0-301F-11D3-BF4B-00C04F79EFBC}") = "Diploma", "Diploma\Diploma.csproj", "{5DC442C4-52D9-40B3-9505-214F79C227D0}"
EndProject
Project("{FAE04EC0-301F-11D3-BF4B-00C04F79EFBC}") = "Diploma.Data", "Diploma.Data\Diploma.Data.csproj", "{6EC702D4-A4EA-4EB4-8C28-09A943B9F634}"
EndProject
Project("{FAE04EC0-301F-11D3-BF4B-00C04F79EFBC}") = "Diploma.Repositories", "Diploma.Repositories\Diploma.Repositories.csproj", "{BC1C3BE5-433A-41D5-9CDD-049E83662F7E}"
EndProject
Project("{FAE04EC0-301F-11D3-BF4B-00C04F79EFBC}") = "Diploma.Core", "Diploma.Core\Diploma.Core.csproj", "{C6AE4819-582E-4D88-AD11-7B5304E5C69F}"
EndProject
Project("{FAE04EC0-301F-11D3-BF4B-00C04F79EFBC}") = "Diploma.BusinessLogic", "Diploma.BusinessLogic\Diploma.BusinessLogic.csproj", "{B9CEF09E-53C1-4297-8312-36AB24DE4FF5}"
EndProject
Global
	GlobalSection(SolutionConfigurationPlatforms) = preSolution
		Debug|Any CPU = Debug|Any CPU
		Debug|ARM = Debug|ARM
		Debug|x64 = Debug|x64
		Debug|x86 = Debug|x86
		Release|Any CPU = Release|Any CPU
		Release|ARM = Release|ARM
		Release|x64 = Release|x64
		Release|x86 = Release|x86
	EndGlobalSection
	GlobalSection(ProjectConfigurationPlatforms) = postSolution
		{5DC442C4-52D9-40B3-9505-214F79C227D0}.Debug|Any CPU.ActiveCfg = Debug|Any CPU
		{5DC442C4-52D9-40B3-9505-214F79C227D0}.Debug|Any CPU.Build.0 = Debug|Any CPU
		{5DC442C4-52D9-40B3-9505-214F79C227D0}.Debug|ARM.ActiveCfg = Debug|Any CPU
		{5DC442C4-52D9-40B3-9505-214F79C227D0}.Debug|ARM.Build.0 = Debug|Any CPU
		{5DC442C4-52D9-40B3-9505-214F79C227D0}.Debug|x64.ActiveCfg = Debug|Any CPU
		{5DC442C4-52D9-40B3-9505-214F79C227D0}.Debug|x64.Build.0 = Debug|Any CPU
		{5DC442C4-52D9-40B3-9505-214F79C227D0}.Debug|x86.ActiveCfg = Debug|Any CPU
		{5DC442C4-52D9-40B3-9505-214F79C227D0}.Debug|x86.Build.0 = Debug|Any CPU
		{5DC442C4-52D9-40B3-9505-214F79C227D0}.Release|Any CPU.ActiveCfg = Release|Any CPU
		{5DC442C4-52D9-40B3-9505-214F79C227D0}.Release|Any CPU.Build.0 = Release|Any CPU
		{5DC442C4-52D9-40B3-9505-214F79C227D0}.Release|ARM.ActiveCfg = Release|Any CPU
		{5DC442C4-52D9-40B3-9505-214F79C227D0}.Release|ARM.Build.0 = Release|Any CPU
		{5DC442C4-52D9-40B3-9505-214F79C227D0}.Release|x64.ActiveCfg = Release|Any CPU
		{5DC442C4-52D9-40B3-9505-214F79C227D0}.Release|x64.Build.0 = Release|Any CPU
		{5DC442C4-52D9-40B3-9505-214F79C227D0}.Release|x86.ActiveCfg = Release|Any CPU
		{5DC442C4-52D9-40B3-9505-214F79C227D0}.Release|x86.Build.0 = Release|Any CPU
		{6EC702D4-A4EA-4EB4-8C28-09A943B9F634}.Debug|Any CPU.ActiveCfg = Debug|Any CPU
		{6EC702D4-A4EA-4EB4-8C28-09A943B9F634}.Debug|Any CPU.Build.0 = Debug|Any CPU
		{6EC702D4-A4EA-4EB4-8C28-09A943B9F634}.Debug|ARM.ActiveCfg = Debug|Any CPU
		{6EC702D4-A4EA-4EB4-8C28-09A943B9F634}.Debug|ARM.Build.0 = Debug|Any CPU
		{6EC702D4-A4EA-4EB4-8C28-09A943B9F634}.Debug|x64.ActiveCfg = Debug|Any CPU
		{6EC702D4-A4EA-4EB4-8C28-09A943B9F634}.Debug|x64.Build.0 = Debug|Any CPU
		{6EC702D4-A4EA-4EB4-8C28-09A943B9F634}.Debug|x86.ActiveCfg = Debug|Any CPU
		{6EC702D4-A4EA-4EB4-8C28-09A943B9F634}.Debug|x86.Build.0 = Debug|Any CPU
		{6EC702D4-A4EA-4EB4-8C28-09A943B9F634}.Release|Any CPU.ActiveCfg = Release|Any CPU
		{6EC702D4-A4EA-4EB4-8C28-09A943B9F634}.Release|Any CPU.Build.0 = Release|Any CPU
		{6EC702D4-A4EA-4EB4-8C28-09A943B9F634}.Release|ARM.ActiveCfg = Release|Any CPU
		{6EC702D4-A4EA-4EB4-8C28-09A943B9F634}.Release|ARM.Build.0 = Release|Any CPU
		{6EC702D4-A4EA-4EB4-8C28-09A943B9F634}.Release|x64.ActiveCfg = Release|Any CPU
		{6EC702D4-A4EA-4EB4-8C28-09A943B9F634}.Release|x64.Build.0 = Release|Any CPU
		{6EC702D4-A4EA-4EB4-8C28-09A943B9F634}.Release|x86.ActiveCfg = Release|Any CPU
		{6EC702D4-A4EA-4EB4-8C28-09A943B9F634}.Release|x86.Build.0 = Release|Any CPU
		{BC1C3BE5-433A-41D5-9CDD-049E83662F7E}.Debug|Any CPU.ActiveCfg = Debug|Any CPU
		{BC1C3BE5-433A-41D5-9CDD-049E83662F7E}.Debug|Any CPU.Build.0 = Debug|Any CPU
		{BC1C3BE5-433A-41D5-9CDD-049E83662F7E}.Debug|ARM.ActiveCfg = Debug|Any CPU
		{BC1C3BE5-433A-41D5-9CDD-049E83662F7E}.Debug|ARM.Build.0 = Debug|Any CPU
		{BC1C3BE5-433A-41D5-9CDD-049E83662F7E}.Debug|x64.ActiveCfg = Debug|Any CPU
		{BC1C3BE5-433A-41D5-9CDD-049E83662F7E}.Debug|x64.Build.0 = Debug|Any CPU
		{BC1C3BE5-433A-41D5-9CDD-049E83662F7E}.Debug|x86.ActiveCfg = Debug|Any CPU
		{BC1C3BE5-433A-41D5-9CDD-049E83662F7E}.Debug|x86.Build.0 = Debug|Any CPU
		{BC1C3BE5-433A-41D5-9CDD-049E83662F7E}.Release|Any CPU.ActiveCfg = Release|Any CPU
		{BC1C3BE5-433A-41D5-9CDD-049E83662F7E}.Release|Any CPU.Build.0 = Release|Any CPU
		{BC1C3BE5-433A-41D5-9CDD-049E83662F7E}.Release|ARM.ActiveCfg = Release|Any CPU
		{BC1C3BE5-433A-41D5-9CDD-049E83662F7E}.Release|ARM.Build.0 = Release|Any CPU
		{BC1C3BE5-433A-41D5-9CDD-049E83662F7E}.Release|x64.ActiveCfg = Release|Any CPU
		{BC1C3BE5-433A-41D5-9CDD-049E83662F7E}.Release|x64.Build.0 = Release|Any CPU
		{BC1C3BE5-433A-41D5-9CDD-049E83662F7E}.Release|x86.ActiveCfg = Release|Any CPU
		{BC1C3BE5-433A-41D5-9CDD-049E83662F7E}.Release|x86.Build.0 = Release|Any CPU
		{C6AE4819-582E-4D88-AD11-7B5304E5C69F}.Debug|Any CPU.ActiveCfg = Debug|Any CPU
		{C6AE4819-582E-4D88-AD11-7B5304E5C69F}.Debug|Any CPU.Build.0 = Debug|Any CPU
		{C6AE4819-582E-4D88-AD11-7B5304E5C69F}.Debug|ARM.ActiveCfg = Debug|Any CPU
		{C6AE4819-582E-4D88-AD11-7B5304E5C69F}.Debug|ARM.Build.0 = Debug|Any CPU
		{C6AE4819-582E-4D88-AD11-7B5304E5C69F}.Debug|x64.ActiveCfg = Debug|Any CPU
		{C6AE4819-582E-4D88-AD11-7B5304E5C69F}.Debug|x64.Build.0 = Debug|Any CPU
		{C6AE4819-582E-4D88-AD11-7B5304E5C69F}.Debug|x86.ActiveCfg = Debug|Any CPU
		{C6AE4819-582E-4D88-AD11-7B5304E5C69F}.Debug|x86.Build.0 = Debug|Any CPU
		{C6AE4819-582E-4D88-AD11-7B5304E5C69F}.Release|Any CPU.ActiveCfg = Release|Any CPU
		{C6AE4819-582E-4D88-AD11-7B5304E5C69F}.Release|Any CPU.Build.0 = Release|Any CPU
		{C6AE4819-582E-4D88-AD11-7B5304E5C69F}.Release|ARM.ActiveCfg = Release|Any CPU
		{C6AE4819-582E-4D88-AD11-7B5304E5C69F}.Release|ARM.Build.0 = Release|Any CPU
		{C6AE4819-582E-4D88-AD11-7B5304E5C69F}.Release|x64.ActiveCfg = Release|Any CPU
		{C6AE4819-582E-4D88-AD11-7B5304E5C69F}.Release|x64.Build.0 = Release|Any CPU
		{C6AE4819-582E-4D88-AD11-7B5304E5C69F}.Release|x86.ActiveCfg = Release|Any CPU
		{C6AE4819-582E-4D88-AD11-7B5304E5C69F}.Release|x86.Build.0 = Release|Any CPU
		{B9CEF09E-53C1-4297-8312-36AB24DE4FF5}.Debug|Any CPU.ActiveCfg = Debug|Any CPU
		{B9CEF09E-53C1-4297-8312-36AB24DE4FF5}.Debug|Any CPU.Build.0 = Debug|Any CPU
		{B9CEF09E-53C1-4297-8312-36AB24DE4FF5}.Debug|ARM.ActiveCfg = Debug|Any CPU
		{B9CEF09E-53C1-4297-8312-36AB24DE4FF5}.Debug|ARM.Build.0 = Debug|Any CPU
		{B9CEF09E-53C1-4297-8312-36AB24DE4FF5}.Debug|x64.ActiveCfg = Debug|Any CPU
		{B9CEF09E-53C1-4297-8312-36AB24DE4FF5}.Debug|x64.Build.0 = Debug|Any CPU
		{B9CEF09E-53C1-4297-8312-36AB24DE4FF5}.Debug|x86.ActiveCfg = Debug|Any CPU
		{B9CEF09E-53C1-4297-8312-36AB24DE4FF5}.Debug|x86.Build.0 = Debug|Any CPU
		{B9CEF09E-53C1-4297-8312-36AB24DE4FF5}.Release|Any CPU.ActiveCfg = Release|Any CPU
		{B9CEF09E-53C1-4297-8312-36AB24DE4FF5}.Release|Any CPU.Build.0 = Release|Any CPU
		{B9CEF09E-53C1-4297-8312-36AB24DE4FF5}.Release|ARM.ActiveCfg = Release|Any CPU
		{B9CEF09E-53C1-4297-8312-36AB24DE4FF5}.Release|ARM.Build.0 = Release|Any CPU
		{B9CEF09E-53C1-4297-8312-36AB24DE4FF5}.Release|x64.ActiveCfg = Release|Any CPU
		{B9CEF09E-53C1-4297-8312-36AB24DE4FF5}.Release|x64.Build.0 = Release|Any CPU
		{B9CEF09E-53C1-4297-8312-36AB24DE4FF5}.Release|x86.ActiveCfg = Release|Any CPU
		{B9CEF09E-53C1-4297-8312-36AB24DE4FF5}.Release|x86.Build.0 = Release|Any CPU
	EndGlobalSection
	GlobalSection(SolutionProperties) = preSolution
		HideSolutionNode = FALSE
	EndGlobalSection
EndGlobal
